<?xml version="1.0" encoding="utf-8"?>
<Project ToolsVersion="4.0" xmlns="http://schemas.microsoft.com/developer/msbuild/2003">
  <ItemGroup>
    <Filter Include="Source Files">
      <UniqueIdentifier>{4FC737F1-C7A5-4376-A066-2A32D752A2FF}</UniqueIdentifier>
      <Extensions>cpp;c;cc;cxx;c++;cppm;ixx;def;odl;idl;hpj;bat;asm;asmx</Extensions>
    </Filter>
    <Filter Include="Header Files">
      <UniqueIdentifier>{93995380-89BD-4b04-88EB-625FBE52EBFB}</UniqueIdentifier>
      <Extensions>h;hh;hpp;hxx;h++;hm;inl;inc;ipp;xsd</Extensions>
    </Filter>
    <Filter Include="Resource Files">
      <UniqueIdentifier>{67DA6AB6-F800-4c08-8B7A-83BB121AAD01}</UniqueIdentifier>
      <Extensions>rc;ico;cur;bmp;dlg;rc2;rct;bin;rgs;gif;jpg;jpeg;jpe;resx;tiff;tif;png;wav;mfcribbon-ms</Extensions>
    </Filter>
  </ItemGroup>
  <ItemGroup>
    <ClCompile Include="MainForm.cpp">
      <Filter>Source Files</Filter>
    </ClCompile>
    <ClCompile Include="ProductsListForm.cpp">
      <Filter>Source Files</Filter>
    </ClCompile>
    <ClCompile Include="CustomersForm.cpp">
      <Filter>Source Files</Filter>
    </ClCompile>
    <ClCompile Include="CustomersListForm.cpp">
      <Filter>Source Files</Filter>
    </ClCompile>
    <ClCompile Include="LoginForm.cpp">
      <Filter>Source Files</Filter>
    </ClCompile>
    <ClCompile Include="SupplierForm.cpp">
      <Filter>Source Files</Filter>
    </ClCompile>
    <ClCompile Include="SupplierListForm.cpp">
      <Filter>Source Files</Filter>
    </ClCompile>
    <ClCompile Include="Query.cpp">
      <Filter>Source Files</Filter>
    </ClCompile>
    <ClCompile Include="Config.cpp">
      <Filter>Source Files</Filter>
    </ClCompile>
    <ClCompile Include="Utils.cpp">
      <Filter>Source Files</Filter>
    </ClCompile>
    <ClCompile Include="CustomersFormDelegate.cpp">
      <Filter>Source Files</Filter>
    </ClCompile>
    <ClCompile Include="ProductsForm.cpp">
      <Filter>Source Files</Filter>
    </ClCompile>
    <ClCompile Include="PurchasesForm.cpp">
      <Filter>Source Files</Filter>
    </ClCompile>
    <ClCompile Include="ProductInfo.cpp">
      <Filter>Source Files</Filter>
    </ClCompile>
    <ClCompile Include="SellForm.cpp">
      <Filter>Source Files</Filter>
    </ClCompile>
    <ClCompile Include="PurchaseListForm.cpp">
      <Filter>Source Files</Filter>
    </ClCompile>
    <ClCompile Include="SalesListForm.cpp">
      <Filter>Source Files</Filter>
    </ClCompile>
  </ItemGroup>
  <ItemGroup>
    <ClInclude Include="MainForm.h">
      <Filter>Header Files</Filter>
    </ClInclude>
    <ClInclude Include="ProductsListForm.h">
      <Filter>Header Files</Filter>
    </ClInclude>
    <ClInclude Include="CustomersForm.h">
      <Filter>Header Files</Filter>
    </ClInclude>
    <ClInclude Include="CustomersListForm.h">
      <Filter>Header Files</Filter>
    </ClInclude>
    <ClInclude Include="LoginForm.h">
      <Filter>Header Files</Filter>
    </ClInclude>
    <ClInclude Include="SupplierForm.h">
      <Filter>Header Files</Filter>
    </ClInclude>
    <ClInclude Include="SupplierListForm.h">
      <Filter>Header Files</Filter>
    </ClInclude>
    <ClInclude Include="Query.h">
      <Filter>Header Files</Filter>
    </ClInclude>
    <ClInclude Include="Config.h">
      <Filter>Header Files</Filter>
    </ClInclude>
    <ClInclude Include="Utils.h">
      <Filter>Header Files</Filter>
    </ClInclude>
    <ClInclude Include="ProductsForm.h">
      <Filter>Header Files</Filter>
    </ClInclude>
    <ClInclude Include="PurchasesForm.h">
      <Filter>Header Files</Filter>
    </ClInclude>
    <ClInclude Include="ProductInfo.h">
      <Filter>Header Files</Filter>
    </ClInclude>
    <ClInclude Include="SellForm.h">
      <Filter>Header Files</Filter>
    </ClInclude>
    <ClInclude Include="PurchaseListForm.h">
      <Filter>Header Files</Filter>
    </ClInclude>
    <ClInclude Include="SalesListForm.h">
      <Filter>Header Files</Filter>
    </ClInclude>
  </ItemGroup>
  <ItemGroup>
    <None Include="packages.config" />
  </ItemGroup>
</Project>